// !$*UTF8*$!
{
	archiveVersion = 1;
	classes = {
	};
	objectVersion = 50;
	objects = {

/* Begin PBXBuildFile section */
		CEA9090189C29BE1286BF159 /* Pods_TodoListApp.framework in Frameworks */ = {isa = PBXBuildFile; fileRef = A9267D2032159C25BE35280A /* Pods_TodoListApp.framework */; };
		ED43B5BE21BDFD7900A8E63C /* AppDelegate.swift in Sources */ = {isa = PBXBuildFile; fileRef = ED43B5BD21BDFD7900A8E63C /* AppDelegate.swift */; };
		ED43B5C021BDFD7900A8E63C /* ViewController.swift in Sources */ = {isa = PBXBuildFile; fileRef = ED43B5BF21BDFD7900A8E63C /* ViewController.swift */; };
		ED43B5C321BDFD7900A8E63C /* Main.storyboard in Resources */ = {isa = PBXBuildFile; fileRef = ED43B5C121BDFD7900A8E63C /* Main.storyboard */; };
		ED43B5C521BDFD7B00A8E63C /* Assets.xcassets in Resources */ = {isa = PBXBuildFile; fileRef = ED43B5C421BDFD7B00A8E63C /* Assets.xcassets */; };
		ED43B5C821BDFD7B00A8E63C /* LaunchScreen.storyboard in Resources */ = {isa = PBXBuildFile; fileRef = ED43B5C621BDFD7B00A8E63C /* LaunchScreen.storyboard */; };
		ED43B5D521BE0BD500A8E63C /* TodoListCell.swift in Sources */ = {isa = PBXBuildFile; fileRef = ED43B5D421BE0BD500A8E63C /* TodoListCell.swift */; };
/* End PBXBuildFile section */

/* Begin PBXFileReference section */
		4AF2A8634D5E99A059B4F468 /* Pods-TodoListApp.debug.xcconfig */ = {isa = PBXFileReference; includeInIndex = 1; lastKnownFileType = text.xcconfig; name = "Pods-TodoListApp.debug.xcconfig"; path = "Pods/Target Support Files/Pods-TodoListApp/Pods-TodoListApp.debug.xcconfig"; sourceTree = "<group>"; };
		9ADD4A7887E5B9F227CB14E9 /* Pods-TodoListApp.release.xcconfig */ = {isa = PBXFileReference; includeInIndex = 1; lastKnownFileType = text.xcconfig; name = "Pods-TodoListApp.release.xcconfig"; path = "Pods/Target Support Files/Pods-TodoListApp/Pods-TodoListApp.release.xcconfig"; sourceTree = "<group>"; };
		A9267D2032159C25BE35280A /* Pods_TodoListApp.framework */ = {isa = PBXFileReference; explicitFileType = wrapper.framework; includeInIndex = 0; path = Pods_TodoListApp.framework; sourceTree = BUILT_PRODUCTS_DIR; };
		ED43B5BA21BDFD7900A8E63C /* TodoListApp.app */ = {isa = PBXFileReference; explicitFileType = wrapper.application; includeInIndex = 0; path = TodoListApp.app; sourceTree = BUILT_PRODUCTS_DIR; };
		ED43B5BD21BDFD7900A8E63C /* AppDelegate.swift */ = {isa = PBXFileReference; lastKnownFileType = sourcecode.swift; path = AppDelegate.swift; sourceTree = "<group>"; };
		ED43B5BF21BDFD7900A8E63C /* ViewController.swift */ = {isa = PBXFileReference; lastKnownFileType = sourcecode.swift; path = ViewController.swift; sourceTree = "<group>"; };
		ED43B5C221BDFD7900A8E63C /* Base */ = {isa = PBXFileReference; lastKnownFileType = file.storyboard; name = Base; path = Base.lproj/Main.storyboard; sourceTree = "<group>"; };
		ED43B5C421BDFD7B00A8E63C /* Assets.xcassets */ = {isa = PBXFileReference; lastKnownFileType = folder.assetcatalog; path = Assets.xcassets; sourceTree = "<group>"; };
		ED43B5C721BDFD7B00A8E63C /* Base */ = {isa = PBXFileReference; lastKnownFileType = file.storyboard; name = Base; path = Base.lproj/LaunchScreen.storyboard; sourceTree = "<group>"; };
		ED43B5C921BDFD7B00A8E63C /* Info.plist */ = {isa = PBXFileReference; lastKnownFileType = text.plist.xml; path = Info.plist; sourceTree = "<group>"; };
		ED43B5D421BE0BD500A8E63C /* TodoListCell.swift */ = {isa = PBXFileReference; lastKnownFileType = sourcecode.swift; path = TodoListCell.swift; sourceTree = "<group>"; };
/* End PBXFileReference section */

/* Begin PBXFrameworksBuildPhase section */
		ED43B5B721BDFD7900A8E63C /* Frameworks */ = {
			isa = PBXFrameworksBuildPhase;
			buildActionMask = 2147483647;
			files = (
				CEA9090189C29BE1286BF159 /* Pods_TodoListApp.framework in Frameworks */,
			);
			runOnlyForDeploymentPostprocessing = 0;
		};
/* End PBXFrameworksBuildPhase section */

/* Begin PBXGroup section */
		5F73ED9CB4EA8349A47FC5D0 /* Pods */ = {
			isa = PBXGroup;
			children = (
				4AF2A8634D5E99A059B4F468 /* Pods-TodoListApp.debug.xcconfig */,
				9ADD4A7887E5B9F227CB14E9 /* Pods-TodoListApp.release.xcconfig */,
			);
			name = Pods;
			sourceTree = "<group>";
		};
		E2CBFC262C3A8B3996F8DECA /* Frameworks */ = {
			isa = PBXGroup;
			children = (
				A9267D2032159C25BE35280A /* Pods_TodoListApp.framework */,
			);
			name = Frameworks;
			sourceTree = "<group>";
		};
		ED43B5B121BDFD7900A8E63C = {
			isa = PBXGroup;
			children = (
				ED43B5BC21BDFD7900A8E63C /* TodoListApp */,
				ED43B5BB21BDFD7900A8E63C /* Products */,
				5F73ED9CB4EA8349A47FC5D0 /* Pods */,
				E2CBFC262C3A8B3996F8DECA /* Frameworks */,
			);
			sourceTree = "<group>";
		};
		ED43B5BB21BDFD7900A8E63C /* Products */ = {
			isa = PBXGroup;
			children = (
				ED43B5BA21BDFD7900A8E63C /* TodoListApp.app */,
			);
			name = Products;
			sourceTree = "<group>";
		};
		ED43B5BC21BDFD7900A8E63C /* TodoListApp */ = {
			isa = PBXGroup;
			children = (
				ED43B5D321BE0BA600A8E63C /* Model */,
				ED43B5D221BE0B9900A8E63C /* Controller */,
				ED43B5D021BE0B6100A8E63C /* View */,
				ED43B5C421BDFD7B00A8E63C /* Assets.xcassets */,
				ED43B5C621BDFD7B00A8E63C /* LaunchScreen.storyboard */,
				ED43B5C921BDFD7B00A8E63C /* Info.plist */,
			);
			path = TodoListApp;
			sourceTree = "<group>";
		};
		ED43B5D021BE0B6100A8E63C /* View */ = {
			isa = PBXGroup;
			children = (
				ED43B5C121BDFD7900A8E63C /* Main.storyboard */,
			);
			path = View;
			sourceTree = "<group>";
		};
		ED43B5D121BE0B7200A8E63C /* Collection View Cell Class */ = {
			isa = PBXGroup;
			children = (
				ED43B5D421BE0BD500A8E63C /* TodoListCell.swift */,
			);
			path = "Collection View Cell Class";
			sourceTree = "<group>";
		};
		ED43B5D221BE0B9900A8E63C /* Controller */ = {
			isa = PBXGroup;
			children = (
				ED43B5BD21BDFD7900A8E63C /* AppDelegate.swift */,
				ED43B5BF21BDFD7900A8E63C /* ViewController.swift */,
				ED43B5D121BE0B7200A8E63C /* Collection View Cell Class */,
			);
			path = Controller;
			sourceTree = "<group>";
		};
		ED43B5D321BE0BA600A8E63C /* Model */ = {
			isa = PBXGroup;
			children = (
			);
			path = Model;
			sourceTree = "<group>";
		};
/* End PBXGroup section */

/* Begin PBXNativeTarget section */
		ED43B5B921BDFD7900A8E63C /* TodoListApp */ = {
			isa = PBXNativeTarget;
			buildConfigurationList = ED43B5CC21BDFD7B00A8E63C /* Build configuration list for PBXNativeTarget "TodoListApp" */;
			buildPhases = (
				CDFD3507B9E244F98F642AA7 /* [CP] Check Pods Manifest.lock */,
				ED43B5B621BDFD7900A8E63C /* Sources */,
				ED43B5B721BDFD7900A8E63C /* Frameworks */,
				ED43B5B821BDFD7900A8E63C /* Resources */,
				14025A36488D57BD0D4A2EC2 /* [CP] Embed Pods Frameworks */,
			);
			buildRules = (
			);
			dependencies = (
			);
			name = TodoListApp;
			productName = TodoListApp;
			productReference = ED43B5BA21BDFD7900A8E63C /* TodoListApp.app */;
			productType = "com.apple.product-type.application";
		};
/* End PBXNativeTarget section */

/* Begin PBXProject section */
		ED43B5B221BDFD7900A8E63C /* Project object */ = {
			isa = PBXProject;
			attributes = {
				LastSwiftUpdateCheck = 1010;
				LastUpgradeCheck = 1010;
				ORGANIZATIONNAME = Kotalogue;
				TargetAttributes = {
					ED43B5B921BDFD7900A8E63C = {
						CreatedOnToolsVersion = 10.1;
					};
				};
			};
			buildConfigurationList = ED43B5B521BDFD7900A8E63C /* Build configuration list for PBXProject "TodoListApp" */;
			compatibilityVersion = "Xcode 9.3";
			developmentRegion = en;
			hasScannedForEncodings = 0;
			knownRegions = (
				en,
				Base,
			);
			mainGroup = ED43B5B121BDFD7900A8E63C;
			productRefGroup = ED43B5BB21BDFD7900A8E63C /* Products */;
			projectDirPath = "";
			projectRoot = "";
			targets = (
				ED43B5B921BDFD7900A8E63C /* TodoListApp */,
			);
		};
/* End PBXProject section */

/* Begin PBXResourcesBuildPhase section */
		ED43B5B821BDFD7900A8E63C /* Resources */ = {
			isa = PBXResourcesBuildPhase;
			buildActionMask = 2147483647;
			files = (
				ED43B5C821BDFD7B00A8E63C /* LaunchScreen.storyboard in Resources */,
				ED43B5C521BDFD7B00A8E63C /* Assets.xcassets in Resources */,
				ED43B5C321BDFD7900A8E63C /* Main.storyboard in Resources */,
			);
			runOnlyForDeploymentPostprocessing = 0;
		};
/* End PBXResourcesBuildPhase section */

/* Begin PBXShellScriptBuildPhase section */
		14025A36488D57BD0D4A2EC2 /* [CP] Embed Pods Frameworks */ = {
			isa = PBXShellScriptBuildPhase;
			buildActionMask = 2147483647;
			files = (
			);
			inputPaths = (
				"${SRCROOT}/Pods/Target Support Files/Pods-TodoListApp/Pods-TodoListApp-frameworks.sh",
				"${BUILT_PRODUCTS_DIR}/Toast-Swift/Toast_Swift.framework",
			);
			name = "[CP] Embed Pods Frameworks";
			outputPaths = (
				"${TARGET_BUILD_DIR}/${FRAMEWORKS_FOLDER_PATH}/Toast_Swift.framework",
			);
			runOnlyForDeploymentPostprocessing = 0;
			shellPath = /bin/sh;
			shellScript = "\"${SRCROOT}/Pods/Target Support Files/Pods-TodoListApp/Pods-TodoListApp-frameworks.sh\"\n";
			showEnvVarsInLog = 0;
		};
		CDFD3507B9E244F98F642AA7 /* [CP] Check Pods Manifest.lock */ = {
			isa = PBXShellScriptBuildPhase;
			buildActionMask = 2147483647;
			files = (
			);
			inputPaths = (
				"${PODS_PODFILE_DIR_PATH}/Podfile.lock",
				"${PODS_ROOT}/Manifest.lock",
			);
			name = "[CP] Check Pods Manifest.lock";
			outputPaths = (
				"$(DERIVED_FILE_DIR)/Pods-TodoListApp-checkManifestLockResult.txt",
			);
			runOnlyForDeploymentPostprocessing = 0;
			shellPath = /bin/sh;
			shellScript = "diff \"${PODS_PODFILE_DIR_PATH}/Podfile.lock\" \"${PODS_ROOT}/Manifest.lock\" > /dev/null\nif [ $? != 0 ] ; then\n    # print error to STDERR\n    echo \"error: The sandbox is not in sync with the Podfile.lock. Run 'pod install' or update your CocoaPods installation.\" >&2\n    exit 1\nfi\n# This output is used by Xcode 'outputs' to avoid re-running this script phase.\necho \"SUCCESS\" > \"${SCRIPT_OUTPUT_FILE_0}\"\n";
			showEnvVarsInLog = 0;
		};
/* End PBXShellScriptBuildPhase section */

/* Begin PBXSourcesBuildPhase section */
		ED43B5B621BDFD7900A8E63C /* Sources */ = {
			isa = PBXSourcesBuildPhase;
			buildActionMask = 2147483647;
			files = (
				ED43B5C021BDFD7900A8E63C /* ViewController.swift in Sources */,
				ED43B5D521BE0BD500A8E63C /* TodoListCell.swift in Sources */,
				ED43B5BE21BDFD7900A8E63C /* AppDelegate.swift in Sources */,
			);
			runOnlyForDeploymentPostprocessing = 0;
		};
/* End PBXSourcesBuildPhase section */

/* Begin PBXVariantGroup section */
		ED43B5C121BDFD7900A8E63C /* Main.storyboard */ = {
			isa = PBXVariantGroup;
			children = (
				ED43B5C221BDFD7900A8E63C /* Base */,
			);
			name = Main.storyboard;
			sourceTree = "<group>";
		};
		ED43B5C621BDFD7B00A8E63C /* LaunchScreen.storyboard */ = {
			isa = PBXVariantGroup;
			children = (
				ED43B5C721BDFD7B00A8E63C /* Base */,
			);
			name = LaunchScreen.storyboard;
			sourceTree = "<group>";
		};
/* End PBXVariantGroup section */

/* Begin XCBuildConfiguration section */
		ED43B5CA21BDFD7B00A8E63C /* Debug */ = {
			isa = XCBuildConfiguration;
			buildSettings = {
				ALWAYS_SEARCH_USER_PATHS = NO;
				CLANG_ANALYZER_NONNULL = YES;
				CLANG_ANALYZER_NUMBER_OBJECT_CONVERSION = YES_AGGRESSIVE;
				CLANG_CXX_LANGUAGE_STANDARD = "gnu++14";
				CLANG_CXX_LIBRARY = "libc++";
				CLANG_ENABLE_MODULES = YES;
				CLANG_ENABLE_OBJC_ARC = YES;
				CLANG_ENABLE_OBJC_WEAK = YES;
				CLANG_WARN_BLOCK_CAPTURE_AUTORELEASING = YES;
				CLANG_WARN_BOOL_CONVERSION = YES;
				CLANG_WARN_COMMA = YES;
				CLANG_WARN_CONSTANT_CONVERSION = YES;
				CLANG_WARN_DEPRECATED_OBJC_IMPLEMENTATIONS = YES;
				CLANG_WARN_DIRECT_OBJC_ISA_USAGE = YES_ERROR;
				CLANG_WARN_DOCUMENTATION_COMMENTS = YES;
				CLANG_WARN_EMPTY_BODY = YES;
				CLANG_WARN_ENUM_CONVERSION = YES;
				CLANG_WARN_INFINITE_RECURSION = YES;
				CLANG_WARN_INT_CONVERSION = YES;
				CLANG_WARN_NON_LITERAL_NULL_CONVERSION = YES;
				CLANG_WARN_OBJC_IMPLICIT_RETAIN_SELF = YES;
				CLANG_WARN_OBJC_LITERAL_CONVERSION = YES;
				CLANG_WARN_OBJC_ROOT_CLASS = YES_ERROR;
				CLANG_WARN_RANGE_LOOP_ANALYSIS = YES;
				CLANG_WARN_STRICT_PROTOTYPES = YES;
				CLANG_WARN_SUSPICIOUS_MOVE = YES;
				CLANG_WARN_UNGUARDED_AVAILABILITY = YES_AGGRESSIVE;
				CLANG_WARN_UNREACHABLE_CODE = YES;
				CLANG_WARN__DUPLICATE_METHOD_MATCH = YES;
				CODE_SIGN_IDENTITY = "iPhone Developer";
				COPY_PHASE_STRIP = NO;
				DEBUG_INFORMATION_FORMAT = dwarf;
				ENABLE_STRICT_OBJC_MSGSEND = YES;
				ENABLE_TESTABILITY = YES;
				GCC_C_LANGUAGE_STANDARD = gnu11;
				GCC_DYNAMIC_NO_PIC = NO;
				GCC_NO_COMMON_BLOCKS = YES;
				GCC_OPTIMIZATION_LEVEL = 0;
				GCC_PREPROCESSOR_DEFINITIONS = (
					"DEBUG=1",
					"$(inherited)",
				);
				GCC_WARN_64_TO_32_BIT_CONVERSION = YES;
				GCC_WARN_ABOUT_RETURN_TYPE = YES_ERROR;
				GCC_WARN_UNDECLARED_SELECTOR = YES;
				GCC_WARN_UNINITIALIZED_AUTOS = YES_AGGRESSIVE;
				GCC_WARN_UNUSED_FUNCTION = YES;
				GCC_WARN_UNUSED_VARIABLE = YES;
				IPHONEOS_DEPLOYMENT_TARGET = 12.1;
				MTL_ENABLE_DEBUG_INFO = INCLUDE_SOURCE;
				MTL_FAST_MATH = YES;
				ONLY_ACTIVE_ARCH = YES;
				SDKROOT = iphoneos;
				SWIFT_ACTIVE_COMPILATION_CONDITIONS = DEBUG;
				SWIFT_OPTIMIZATION_LEVEL = "-Onone";
			};
			name = Debug;
		};
		ED43B5CB21BDFD7B00A8E63C /* Release */ = {
			isa = XCBuildConfiguration;
			buildSettings = {
				ALWAYS_SEARCH_USER_PATHS = NO;
				CLANG_ANALYZER_NONNULL = YES;
				CLANG_ANALYZER_NUMBER_OBJECT_CONVERSION = YES_AGGRESSIVE;
				CLANG_CXX_LANGUAGE_STANDARD = "gnu++14";
				CLANG_CXX_LIBRARY = "libc++";
				CLANG_ENABLE_MODULES = YES;
				CLANG_ENABLE_OBJC_ARC = YES;
				CLANG_ENABLE_OBJC_WEAK = YES;
				CLANG_WARN_BLOCK_CAPTURE_AUTORELEASING = YES;
				CLANG_WARN_BOOL_CONVERSION = YES;
				CLANG_WARN_COMMA = YES;
				CLANG_WARN_CONSTANT_CONVERSION = YES;
				CLANG_WARN_DEPRECATED_OBJC_IMPLEMENTATIONS = YES;
				CLANG_WARN_DIRECT_OBJC_ISA_USAGE = YES_ERROR;
				CLANG_WARN_DOCUMENTATION_COMMENTS = YES;
				CLANG_WARN_EMPTY_BODY = YES;
				CLANG_WARN_ENUM_CONVERSION = YES;
				CLANG_WARN_INFINITE_RECURSION = YES;
				CLANG_WARN_INT_CONVERSION = YES;
				CLANG_WARN_NON_LITERAL_NULL_CONVERSION = YES;
				CLANG_WARN_OBJC_IMPLICIT_RETAIN_SELF = YES;
				CLANG_WARN_OBJC_LITERAL_CONVERSION = YES;
				CLANG_WARN_OBJC_ROOT_CLASS = YES_ERROR;
				CLANG_WARN_RANGE_LOOP_ANALYSIS = YES;
				CLANG_WARN_STRICT_PROTOTYPES = YES;
				CLANG_WARN_SUSPICIOUS_MOVE = YES;
				CLANG_WARN_UNGUARDED_AVAILABILITY = YES_AGGRESSIVE;
				CLANG_WARN_UNREACHABLE_CODE = YES;
				CLANG_WARN__DUPLICATE_METHOD_MATCH = YES;
				CODE_SIGN_IDENTITY = "iPhone Developer";
				COPY_PHASE_STRIP = NO;
				DEBUG_INFORMATION_FORMAT = "dwarf-with-dsym";
				ENABLE_NS_ASSERTIONS = NO;
				ENABLE_STRICT_OBJC_MSGSEND = YES;
				GCC_C_LANGUAGE_STANDARD = gnu11;
				GCC_NO_COMMON_BLOCKS = YES;
				GCC_WARN_64_TO_32_BIT_CONVERSION = YES;
				GCC_WARN_ABOUT_RETURN_TYPE = YES_ERROR;
				GCC_WARN_UNDECLARED_SELECTOR = YES;
				GCC_WARN_UNINITIALIZED_AUTOS = YES_AGGRESSIVE;
				GCC_WARN_UNUSED_FUNCTION = YES;
				GCC_WARN_UNUSED_VARIABLE = YES;
				IPHONEOS_DEPLOYMENT_TARGET = 12.1;
				MTL_ENABLE_DEBUG_INFO = NO;
				MTL_FAST_MATH = YES;
				SDKROOT = iphoneos;
				SWIFT_COMPILATION_MODE = wholemodule;
				SWIFT_OPTIMIZATION_LEVEL = "-O";
				VALIDATE_PRODUCT = YES;
			};
			name = Release;
		};
		ED43B5CD21BDFD7B00A8E63C /* Debug */ = {
			isa = XCBuildConfiguration;
			baseConfigurationReference = 4AF2A8634D5E99A059B4F468 /* Pods-TodoListApp.debug.xcconfig */;
			buildSettings = {
				ASSETCATALOG_COMPILER_APPICON_NAME = AppIcon;
				CODE_SIGN_STYLE = Automatic;
				INFOPLIST_FILE = TodoListApp/Info.plist;
				LD_RUNPATH_SEARCH_PATHS = "$(inherited) @executable_path/Frameworks";
				PRODUCT_BUNDLE_IDENTIFIER = com.TodoListApp;
				PRODUCT_NAME = "$(TARGET_NAME)";
				SWIFT_VERSION = 4.2;
				TARGETED_DEVICE_FAMILY = "1,2";
			};
			name = Debug;
		};
		ED43B5CE21BDFD7B00A8E63C /* Release */ = {
			isa = XCBuildConfiguration;
			baseConfigurationReference = 9ADD4A7887E5B9F227CB14E9 /* Pods-TodoListApp.release.xcconfig */;
			buildSettings = {
				ASSETCATALOG_COMPILER_APPICON_NAME = AppIcon;
				CODE_SIGN_STYLE = Automatic;
				INFOPLIST_FILE = TodoListApp/Info.plist;
				LD_RUNPATH_SEARCH_PATHS = "$(inherited) @executable_path/Frameworks";
				PRODUCT_BUNDLE_IDENTIFIER = com.TodoListApp;
				PRODUCT_NAME = "$(TARGET_NAME)";
				SWIFT_VERSION = 4.2;
				TARGETED_DEVICE_FAMILY = "1,2";
			};
			name = Release;
		};
/* End XCBuildConfiguration section */

/* Begin XCConfigurationList section */
		ED43B5B521BDFD7900A8E63C /* Build configuration list for PBXProject "TodoListApp" */ = {
			isa = XCConfigurationList;
			buildConfigurations = (
				ED43B5CA21BDFD7B00A8E63C /* Debug */,
				ED43B5CB21BDFD7B00A8E63C /* Release */,
			);
			defaultConfigurationIsVisible = 0;
			defaultConfigurationName = Release;
		};
		ED43B5CC21BDFD7B00A8E63C /* Build configuration list for PBXNativeTarget "TodoListApp" */ = {
			isa = XCConfigurationList;
			buildConfigurations = (
				ED43B5CD21BDFD7B00A8E63C /* Debug */,
				ED43B5CE21BDFD7B00A8E63C /* Release */,
			);
			defaultConfigurationIsVisible = 0;
			defaultConfigurationName = Release;
		};
/* End XCConfigurationList section */
	};
	rootObject = ED43B5B221BDFD7900A8E63C /* Project object */;
}
